
Microsoft Visual Studio Solution File, Format Version 12.00
# Visual Studio 14
VisualStudioVersion = 14.0.23107.0
MinimumVisualStudioVersion = 10.0.40219.1
Project("{8BC9CEB8-8B4A-11D0-8D11-00A0C91BC942}") = "cv_hello_world", "cv_hello_world\cv_hello_world.vcxproj", "{071DB787-E371-4150-877B-AFA30070D641}"
EndProject
Project("{8BC9CEB8-8B4A-11D0-8D11-00A0C91BC942}") = "cv_drawing_circle", "cv_drawing_circle\cv_drawing_circle.vcxproj", "{FF57EC20-2D5F-42BD-BD0B-093548E390AA}"
EndProject
Project("{8BC9CEB8-8B4A-11D0-8D11-00A0C91BC942}") = "cv_imread", "cv_imread\cv_imread.vcxproj", "{D40B3A8A-3922-4D07-A610-6298FC4B5D67}"
EndProject
Project("{8BC9CEB8-8B4A-11D0-8D11-00A0C91BC942}") = "cv_image", "cv_image\cv_image.vcxproj", "{39D92D63-0F1C-465C-915D-523F8011BB4E}"
EndProject
Project("{8BC9CEB8-8B4A-11D0-8D11-00A0C91BC942}") = "cv_imgtransform", "cv_imgtransform\cv_imgtransform.vcxproj", "{0AE0561F-AFE3-49CD-B310-3CE5C9E35FF5}"
EndProject
Global
	GlobalSection(SolutionConfigurationPlatforms) = preSolution
		Debug|x64 = Debug|x64
		Debug|x86 = Debug|x86
		Release|x64 = Release|x64
		Release|x86 = Release|x86
	EndGlobalSection
	GlobalSection(ProjectConfigurationPlatforms) = postSolution
		{071DB787-E371-4150-877B-AFA30070D641}.Debug|x64.ActiveCfg = Debug|x64
		{071DB787-E371-4150-877B-AFA30070D641}.Debug|x64.Build.0 = Debug|x64
		{071DB787-E371-4150-877B-AFA30070D641}.Debug|x86.ActiveCfg = Debug|Win32
		{071DB787-E371-4150-877B-AFA30070D641}.Debug|x86.Build.0 = Debug|Win32
		{071DB787-E371-4150-877B-AFA30070D641}.Release|x64.ActiveCfg = Release|x64
		{071DB787-E371-4150-877B-AFA30070D641}.Release|x64.Build.0 = Release|x64
		{071DB787-E371-4150-877B-AFA30070D641}.Release|x86.ActiveCfg = Release|Win32
		{071DB787-E371-4150-877B-AFA30070D641}.Release|x86.Build.0 = Release|Win32
		{FF57EC20-2D5F-42BD-BD0B-093548E390AA}.Debug|x64.ActiveCfg = Debug|x64
		{FF57EC20-2D5F-42BD-BD0B-093548E390AA}.Debug|x64.Build.0 = Debug|x64
		{FF57EC20-2D5F-42BD-BD0B-093548E390AA}.Debug|x86.ActiveCfg = Debug|Win32
		{FF57EC20-2D5F-42BD-BD0B-093548E390AA}.Debug|x86.Build.0 = Debug|Win32
		{FF57EC20-2D5F-42BD-BD0B-093548E390AA}.Release|x64.ActiveCfg = Release|x64
		{FF57EC20-2D5F-42BD-BD0B-093548E390AA}.Release|x64.Build.0 = Release|x64
		{FF57EC20-2D5F-42BD-BD0B-093548E390AA}.Release|x86.ActiveCfg = Release|Win32
		{FF57EC20-2D5F-42BD-BD0B-093548E390AA}.Release|x86.Build.0 = Release|Win32
		{D40B3A8A-3922-4D07-A610-6298FC4B5D67}.Debug|x64.ActiveCfg = Debug|x64
		{D40B3A8A-3922-4D07-A610-6298FC4B5D67}.Debug|x64.Build.0 = Debug|x64
		{D40B3A8A-3922-4D07-A610-6298FC4B5D67}.Debug|x86.ActiveCfg = Debug|Win32
		{D40B3A8A-3922-4D07-A610-6298FC4B5D67}.Debug|x86.Build.0 = Debug|Win32
		{D40B3A8A-3922-4D07-A610-6298FC4B5D67}.Release|x64.ActiveCfg = Release|x64
		{D40B3A8A-3922-4D07-A610-6298FC4B5D67}.Release|x64.Build.0 = Release|x64
		{D40B3A8A-3922-4D07-A610-6298FC4B5D67}.Release|x86.ActiveCfg = Release|Win32
		{D40B3A8A-3922-4D07-A610-6298FC4B5D67}.Release|x86.Build.0 = Release|Win32
		{39D92D63-0F1C-465C-915D-523F8011BB4E}.Debug|x64.ActiveCfg = Debug|x64
		{39D92D63-0F1C-465C-915D-523F8011BB4E}.Debug|x64.Build.0 = Debug|x64
		{39D92D63-0F1C-465C-915D-523F8011BB4E}.Debug|x86.ActiveCfg = Debug|Win32
		{39D92D63-0F1C-465C-915D-523F8011BB4E}.Debug|x86.Build.0 = Debug|Win32
		{39D92D63-0F1C-465C-915D-523F8011BB4E}.Release|x64.ActiveCfg = Release|x64
		{39D92D63-0F1C-465C-915D-523F8011BB4E}.Release|x64.Build.0 = Release|x64
		{39D92D63-0F1C-465C-915D-523F8011BB4E}.Release|x86.ActiveCfg = Release|Win32
		{39D92D63-0F1C-465C-915D-523F8011BB4E}.Release|x86.Build.0 = Release|Win32
		{0AE0561F-AFE3-49CD-B310-3CE5C9E35FF5}.Debug|x64.ActiveCfg = Debug|x64
		{0AE0561F-AFE3-49CD-B310-3CE5C9E35FF5}.Debug|x64.Build.0 = Debug|x64
		{0AE0561F-AFE3-49CD-B310-3CE5C9E35FF5}.Debug|x86.ActiveCfg = Debug|Win32
		{0AE0561F-AFE3-49CD-B310-3CE5C9E35FF5}.Debug|x86.Build.0 = Debug|Win32
		{0AE0561F-AFE3-49CD-B310-3CE5C9E35FF5}.Release|x64.ActiveCfg = Release|x64
		{0AE0561F-AFE3-49CD-B310-3CE5C9E35FF5}.Release|x64.Build.0 = Release|x64
		{0AE0561F-AFE3-49CD-B310-3CE5C9E35FF5}.Release|x86.ActiveCfg = Release|Win32
		{0AE0561F-AFE3-49CD-B310-3CE5C9E35FF5}.Release|x86.Build.0 = Release|Win32
	EndGlobalSection
	GlobalSection(SolutionProperties) = preSolution
		HideSolutionNode = FALSE
	EndGlobalSection
EndGlobal
