Microsoft Visual Studio Solution File, Format Version 12.00
# Visual Studio 14
VisualStudioVersion = 14.0.23107.0
MinimumVisualStudioVersion = 10.0.40219.1
Project("{8BC9CEB8-8B4A-11D0-8D11-00A0C91BC942}") = "rational", "rational\rational.vcxproj", "{F7825646-DD8E-4E96-A2EC-9735BE27E4C1}"
EndProject
Project("{8BC9CEB8-8B4A-11D0-8D11-00A0C91BC942}") = "complex", "complex\complex.vcxproj", "{28A385DD-32D0-4FDD-AEF5-B8E0B357A21E}"
EndProject
Project("{8BC9CEB8-8B4A-11D0-8D11-00A0C91BC942}") = "r3vector", "r3vector\r3vector.vcxproj", "{8CEF354D-F0B2-408A-A525-5E2D8319ED09}"
EndProject
Project("{8BC9CEB8-8B4A-11D0-8D11-00A0C91BC942}") = "znvector", "znvector\znvector.vcxproj", "{13B5E215-FCFD-4129-B30B-B111239AA8C4}"
EndProject
Project("{8BC9CEB8-8B4A-11D0-8D11-00A0C91BC942}") = "znvectord", "znvectord\znvectord.vcxproj", "{E1AD4BFA-BCFB-45FA-91D5-E1F23EC32C67}"
EndProject
Project("{8BC9CEB8-8B4A-11D0-8D11-00A0C91BC942}") = "stacklst", "stacklst\stacklst.vcxproj", "{A0F9528A-6742-423C-9686-1865052E2D80}"
EndProject
Project("{8BC9CEB8-8B4A-11D0-8D11-00A0C91BC942}") = "dstack", "dstack\dstack.vcxproj", "{49610BEA-E809-401E-8742-E59A3058602E}"
EndProject
Project("{8BC9CEB8-8B4A-11D0-8D11-00A0C91BC942}") = "matrixarr", "matrixarr\matrixarr.vcxproj", "{97109994-4A42-4EAE-ABF1-36D3E424FF49}"
EndProject
Project("{8BC9CEB8-8B4A-11D0-8D11-00A0C91BC942}") = "queuelst", "queuelst\queuelst.vcxproj", "{4BBEAD92-DED6-4E4D-8693-9D9CAB4E1C20}"
EndProject
Project("{8BC9CEB8-8B4A-11D0-8D11-00A0C91BC942}") = "matrixnec", "matrixnec\matrixnec.vcxproj", "{70350946-856B-4353-842E-47EB07E9B0B2}"
EndProject
Project("{8BC9CEB8-8B4A-11D0-8D11-00A0C91BC942}") = "znvectort", "znvectort\znvectort.vcxproj", "{22EB9BF9-5098-4764-B8C0-EC65BAF1F81A}"
EndProject
Project("{8BC9CEB8-8B4A-11D0-8D11-00A0C91BC942}") = "wordfreq", "wordfreq\wordfreq.vcxproj", "{3C074246-618B-4DFA-A5F9-1F9C3749FEF1}"
EndProject
Project("{8BC9CEB8-8B4A-11D0-8D11-00A0C91BC942}") = "matrixarrt", "matrixarrt\matrixarrt.vcxproj", "{2F980220-A22C-4824-BABC-D12A5D3F4525}"
EndProject
Global
	GlobalSection(SolutionConfigurationPlatforms) = preSolution
		Debug|Any CPU = Debug|Any CPU
		Debug|x64 = Debug|x64
		Debug|x86 = Debug|x86
		Release|Any CPU = Release|Any CPU
		Release|x64 = Release|x64
		Release|x86 = Release|x86
	EndGlobalSection
	GlobalSection(ProjectConfigurationPlatforms) = postSolution
		{F7825646-DD8E-4E96-A2EC-9735BE27E4C1}.Debug|Any CPU.ActiveCfg = Debug|Win32
		{F7825646-DD8E-4E96-A2EC-9735BE27E4C1}.Debug|x64.ActiveCfg = Debug|x64
		{F7825646-DD8E-4E96-A2EC-9735BE27E4C1}.Debug|x64.Build.0 = Debug|x64
		{F7825646-DD8E-4E96-A2EC-9735BE27E4C1}.Debug|x86.ActiveCfg = Debug|Win32
		{F7825646-DD8E-4E96-A2EC-9735BE27E4C1}.Debug|x86.Build.0 = Debug|Win32
		{F7825646-DD8E-4E96-A2EC-9735BE27E4C1}.Release|Any CPU.ActiveCfg = Release|Win32
		{F7825646-DD8E-4E96-A2EC-9735BE27E4C1}.Release|x64.ActiveCfg = Release|x64
		{F7825646-DD8E-4E96-A2EC-9735BE27E4C1}.Release|x64.Build.0 = Release|x64
		{F7825646-DD8E-4E96-A2EC-9735BE27E4C1}.Release|x86.ActiveCfg = Release|Win32
		{F7825646-DD8E-4E96-A2EC-9735BE27E4C1}.Release|x86.Build.0 = Release|Win32
		{28A385DD-32D0-4FDD-AEF5-B8E0B357A21E}.Debug|Any CPU.ActiveCfg = Debug|Win32
		{28A385DD-32D0-4FDD-AEF5-B8E0B357A21E}.Debug|x64.ActiveCfg = Debug|x64
		{28A385DD-32D0-4FDD-AEF5-B8E0B357A21E}.Debug|x64.Build.0 = Debug|x64
		{28A385DD-32D0-4FDD-AEF5-B8E0B357A21E}.Debug|x86.ActiveCfg = Debug|Win32
		{28A385DD-32D0-4FDD-AEF5-B8E0B357A21E}.Debug|x86.Build.0 = Debug|Win32
		{28A385DD-32D0-4FDD-AEF5-B8E0B357A21E}.Release|Any CPU.ActiveCfg = Release|Win32
		{28A385DD-32D0-4FDD-AEF5-B8E0B357A21E}.Release|x64.ActiveCfg = Release|x64
		{28A385DD-32D0-4FDD-AEF5-B8E0B357A21E}.Release|x64.Build.0 = Release|x64
		{28A385DD-32D0-4FDD-AEF5-B8E0B357A21E}.Release|x86.ActiveCfg = Release|Win32
		{28A385DD-32D0-4FDD-AEF5-B8E0B357A21E}.Release|x86.Build.0 = Release|Win32
		{8CEF354D-F0B2-408A-A525-5E2D8319ED09}.Debug|Any CPU.ActiveCfg = Debug|Win32
		{8CEF354D-F0B2-408A-A525-5E2D8319ED09}.Debug|x64.ActiveCfg = Debug|x64
		{8CEF354D-F0B2-408A-A525-5E2D8319ED09}.Debug|x64.Build.0 = Debug|x64
		{8CEF354D-F0B2-408A-A525-5E2D8319ED09}.Debug|x86.ActiveCfg = Debug|Win32
		{8CEF354D-F0B2-408A-A525-5E2D8319ED09}.Debug|x86.Build.0 = Debug|Win32
		{8CEF354D-F0B2-408A-A525-5E2D8319ED09}.Release|Any CPU.ActiveCfg = Release|Win32
		{8CEF354D-F0B2-408A-A525-5E2D8319ED09}.Release|x64.ActiveCfg = Release|x64
		{8CEF354D-F0B2-408A-A525-5E2D8319ED09}.Release|x64.Build.0 = Release|x64
		{8CEF354D-F0B2-408A-A525-5E2D8319ED09}.Release|x86.ActiveCfg = Release|Win32
		{8CEF354D-F0B2-408A-A525-5E2D8319ED09}.Release|x86.Build.0 = Release|Win32
		{13B5E215-FCFD-4129-B30B-B111239AA8C4}.Debug|Any CPU.ActiveCfg = Debug|Win32
		{13B5E215-FCFD-4129-B30B-B111239AA8C4}.Debug|x64.ActiveCfg = Debug|x64
		{13B5E215-FCFD-4129-B30B-B111239AA8C4}.Debug|x64.Build.0 = Debug|x64
		{13B5E215-FCFD-4129-B30B-B111239AA8C4}.Debug|x86.ActiveCfg = Debug|Win32
		{13B5E215-FCFD-4129-B30B-B111239AA8C4}.Debug|x86.Build.0 = Debug|Win32
		{13B5E215-FCFD-4129-B30B-B111239AA8C4}.Release|Any CPU.ActiveCfg = Release|Win32
		{13B5E215-FCFD-4129-B30B-B111239AA8C4}.Release|x64.ActiveCfg = Release|x64
		{13B5E215-FCFD-4129-B30B-B111239AA8C4}.Release|x64.Build.0 = Release|x64
		{13B5E215-FCFD-4129-B30B-B111239AA8C4}.Release|x86.ActiveCfg = Release|Win32
		{13B5E215-FCFD-4129-B30B-B111239AA8C4}.Release|x86.Build.0 = Release|Win32
		{E1AD4BFA-BCFB-45FA-91D5-E1F23EC32C67}.Debug|Any CPU.ActiveCfg = Debug|Win32
		{E1AD4BFA-BCFB-45FA-91D5-E1F23EC32C67}.Debug|x64.ActiveCfg = Debug|x64
		{E1AD4BFA-BCFB-45FA-91D5-E1F23EC32C67}.Debug|x64.Build.0 = Debug|x64
		{E1AD4BFA-BCFB-45FA-91D5-E1F23EC32C67}.Debug|x86.ActiveCfg = Debug|Win32
		{E1AD4BFA-BCFB-45FA-91D5-E1F23EC32C67}.Debug|x86.Build.0 = Debug|Win32
		{E1AD4BFA-BCFB-45FA-91D5-E1F23EC32C67}.Release|Any CPU.ActiveCfg = Release|Win32
		{E1AD4BFA-BCFB-45FA-91D5-E1F23EC32C67}.Release|x64.ActiveCfg = Release|x64
		{E1AD4BFA-BCFB-45FA-91D5-E1F23EC32C67}.Release|x64.Build.0 = Release|x64
		{E1AD4BFA-BCFB-45FA-91D5-E1F23EC32C67}.Release|x86.ActiveCfg = Release|Win32
		{E1AD4BFA-BCFB-45FA-91D5-E1F23EC32C67}.Release|x86.Build.0 = Release|Win32
		{A0F9528A-6742-423C-9686-1865052E2D80}.Debug|Any CPU.ActiveCfg = Debug|Win32
		{A0F9528A-6742-423C-9686-1865052E2D80}.Debug|x64.ActiveCfg = Debug|x64
		{A0F9528A-6742-423C-9686-1865052E2D80}.Debug|x64.Build.0 = Debug|x64
		{A0F9528A-6742-423C-9686-1865052E2D80}.Debug|x86.ActiveCfg = Debug|Win32
		{A0F9528A-6742-423C-9686-1865052E2D80}.Debug|x86.Build.0 = Debug|Win32
		{A0F9528A-6742-423C-9686-1865052E2D80}.Release|Any CPU.ActiveCfg = Release|Win32
		{A0F9528A-6742-423C-9686-1865052E2D80}.Release|x64.ActiveCfg = Release|x64
		{A0F9528A-6742-423C-9686-1865052E2D80}.Release|x64.Build.0 = Release|x64
		{A0F9528A-6742-423C-9686-1865052E2D80}.Release|x86.ActiveCfg = Release|Win32
		{A0F9528A-6742-423C-9686-1865052E2D80}.Release|x86.Build.0 = Release|Win32
		{49610BEA-E809-401E-8742-E59A3058602E}.Debug|Any CPU.ActiveCfg = Debug|Win32
		{49610BEA-E809-401E-8742-E59A3058602E}.Debug|x64.ActiveCfg = Debug|x64
		{49610BEA-E809-401E-8742-E59A3058602E}.Debug|x64.Build.0 = Debug|x64
		{49610BEA-E809-401E-8742-E59A3058602E}.Debug|x86.ActiveCfg = Debug|Win32
		{49610BEA-E809-401E-8742-E59A3058602E}.Debug|x86.Build.0 = Debug|Win32
		{49610BEA-E809-401E-8742-E59A3058602E}.Release|Any CPU.ActiveCfg = Release|Win32
		{49610BEA-E809-401E-8742-E59A3058602E}.Release|x64.ActiveCfg = Release|x64
		{49610BEA-E809-401E-8742-E59A3058602E}.Release|x64.Build.0 = Release|x64
		{49610BEA-E809-401E-8742-E59A3058602E}.Release|x86.ActiveCfg = Release|Win32
		{49610BEA-E809-401E-8742-E59A3058602E}.Release|x86.Build.0 = Release|Win32
		{97109994-4A42-4EAE-ABF1-36D3E424FF49}.Debug|Any CPU.ActiveCfg = Debug|Win32
		{97109994-4A42-4EAE-ABF1-36D3E424FF49}.Debug|x64.ActiveCfg = Debug|x64
		{97109994-4A42-4EAE-ABF1-36D3E424FF49}.Debug|x64.Build.0 = Debug|x64
		{97109994-4A42-4EAE-ABF1-36D3E424FF49}.Debug|x86.ActiveCfg = Debug|Win32
		{97109994-4A42-4EAE-ABF1-36D3E424FF49}.Debug|x86.Build.0 = Debug|Win32
		{97109994-4A42-4EAE-ABF1-36D3E424FF49}.Release|Any CPU.ActiveCfg = Release|Win32
		{97109994-4A42-4EAE-ABF1-36D3E424FF49}.Release|x64.ActiveCfg = Release|x64
		{97109994-4A42-4EAE-ABF1-36D3E424FF49}.Release|x64.Build.0 = Release|x64
		{97109994-4A42-4EAE-ABF1-36D3E424FF49}.Release|x86.ActiveCfg = Release|Win32
		{97109994-4A42-4EAE-ABF1-36D3E424FF49}.Release|x86.Build.0 = Release|Win32
		{4BBEAD92-DED6-4E4D-8693-9D9CAB4E1C20}.Debug|Any CPU.ActiveCfg = Debug|Win32
		{4BBEAD92-DED6-4E4D-8693-9D9CAB4E1C20}.Debug|x64.ActiveCfg = Debug|x64
		{4BBEAD92-DED6-4E4D-8693-9D9CAB4E1C20}.Debug|x64.Build.0 = Debug|x64
		{4BBEAD92-DED6-4E4D-8693-9D9CAB4E1C20}.Debug|x86.ActiveCfg = Debug|Win32
		{4BBEAD92-DED6-4E4D-8693-9D9CAB4E1C20}.Debug|x86.Build.0 = Debug|Win32
		{4BBEAD92-DED6-4E4D-8693-9D9CAB4E1C20}.Release|Any CPU.ActiveCfg = Release|Win32
		{4BBEAD92-DED6-4E4D-8693-9D9CAB4E1C20}.Release|x64.ActiveCfg = Release|x64
		{4BBEAD92-DED6-4E4D-8693-9D9CAB4E1C20}.Release|x64.Build.0 = Release|x64
		{4BBEAD92-DED6-4E4D-8693-9D9CAB4E1C20}.Release|x86.ActiveCfg = Release|Win32
		{4BBEAD92-DED6-4E4D-8693-9D9CAB4E1C20}.Release|x86.Build.0 = Release|Win32
		{70350946-856B-4353-842E-47EB07E9B0B2}.Debug|Any CPU.ActiveCfg = Debug|Win32
		{70350946-856B-4353-842E-47EB07E9B0B2}.Debug|x64.ActiveCfg = Debug|x64
		{70350946-856B-4353-842E-47EB07E9B0B2}.Debug|x64.Build.0 = Debug|x64
		{70350946-856B-4353-842E-47EB07E9B0B2}.Debug|x86.ActiveCfg = Debug|Win32
		{70350946-856B-4353-842E-47EB07E9B0B2}.Debug|x86.Build.0 = Debug|Win32
		{70350946-856B-4353-842E-47EB07E9B0B2}.Release|Any CPU.ActiveCfg = Release|Win32
		{70350946-856B-4353-842E-47EB07E9B0B2}.Release|x64.ActiveCfg = Release|x64
		{70350946-856B-4353-842E-47EB07E9B0B2}.Release|x64.Build.0 = Release|x64
		{70350946-856B-4353-842E-47EB07E9B0B2}.Release|x86.ActiveCfg = Release|Win32
		{70350946-856B-4353-842E-47EB07E9B0B2}.Release|x86.Build.0 = Release|Win32
		{22EB9BF9-5098-4764-B8C0-EC65BAF1F81A}.Debug|Any CPU.ActiveCfg = Debug|Win32
		{22EB9BF9-5098-4764-B8C0-EC65BAF1F81A}.Debug|x64.ActiveCfg = Debug|x64
		{22EB9BF9-5098-4764-B8C0-EC65BAF1F81A}.Debug|x64.Build.0 = Debug|x64
		{22EB9BF9-5098-4764-B8C0-EC65BAF1F81A}.Debug|x86.ActiveCfg = Debug|Win32
		{22EB9BF9-5098-4764-B8C0-EC65BAF1F81A}.Debug|x86.Build.0 = Debug|Win32
		{22EB9BF9-5098-4764-B8C0-EC65BAF1F81A}.Release|Any CPU.ActiveCfg = Release|Win32
		{22EB9BF9-5098-4764-B8C0-EC65BAF1F81A}.Release|x64.ActiveCfg = Release|x64
		{22EB9BF9-5098-4764-B8C0-EC65BAF1F81A}.Release|x64.Build.0 = Release|x64
		{22EB9BF9-5098-4764-B8C0-EC65BAF1F81A}.Release|x86.ActiveCfg = Release|Win32
		{22EB9BF9-5098-4764-B8C0-EC65BAF1F81A}.Release|x86.Build.0 = Release|Win32
		{3C074246-618B-4DFA-A5F9-1F9C3749FEF1}.Debug|Any CPU.ActiveCfg = Debug|Win32
		{3C074246-618B-4DFA-A5F9-1F9C3749FEF1}.Debug|x64.ActiveCfg = Debug|x64
		{3C074246-618B-4DFA-A5F9-1F9C3749FEF1}.Debug|x64.Build.0 = Debug|x64
		{3C074246-618B-4DFA-A5F9-1F9C3749FEF1}.Debug|x86.ActiveCfg = Debug|Win32
		{3C074246-618B-4DFA-A5F9-1F9C3749FEF1}.Debug|x86.Build.0 = Debug|Win32
		{3C074246-618B-4DFA-A5F9-1F9C3749FEF1}.Release|Any CPU.ActiveCfg = Release|Win32
		{3C074246-618B-4DFA-A5F9-1F9C3749FEF1}.Release|x64.ActiveCfg = Release|x64
		{3C074246-618B-4DFA-A5F9-1F9C3749FEF1}.Release|x64.Build.0 = Release|x64
		{3C074246-618B-4DFA-A5F9-1F9C3749FEF1}.Release|x86.ActiveCfg = Release|Win32
		{3C074246-618B-4DFA-A5F9-1F9C3749FEF1}.Release|x86.Build.0 = Release|Win32
		{2F980220-A22C-4824-BABC-D12A5D3F4525}.Debug|Any CPU.ActiveCfg = Debug|Win32
		{2F980220-A22C-4824-BABC-D12A5D3F4525}.Debug|x64.ActiveCfg = Debug|x64
		{2F980220-A22C-4824-BABC-D12A5D3F4525}.Debug|x64.Build.0 = Debug|x64
		{2F980220-A22C-4824-BABC-D12A5D3F4525}.Debug|x86.ActiveCfg = Debug|Win32
		{2F980220-A22C-4824-BABC-D12A5D3F4525}.Debug|x86.Build.0 = Debug|Win32
		{2F980220-A22C-4824-BABC-D12A5D3F4525}.Release|Any CPU.ActiveCfg = Release|Win32
		{2F980220-A22C-4824-BABC-D12A5D3F4525}.Release|x64.ActiveCfg = Release|x64
		{2F980220-A22C-4824-BABC-D12A5D3F4525}.Release|x64.Build.0 = Release|x64
		{2F980220-A22C-4824-BABC-D12A5D3F4525}.Release|x86.ActiveCfg = Release|Win32
		{2F980220-A22C-4824-BABC-D12A5D3F4525}.Release|x86.Build.0 = Release|Win32
	EndGlobalSection
	GlobalSection(SolutionProperties) = preSolution
		HideSolutionNode = FALSE
	EndGlobalSection
EndGlobal
